
Microsoft Visual Studio Solution File, Format Version 12.00
Project("{FAE04EC0-301F-11D3-BF4B-00C04F79EFBC}") = "Samples", "Samples\Samples.csproj", "{5E4CB66B-345C-4553-8491-D6942C8B8401}"
EndProject
Project("{FAE04EC0-301F-11D3-BF4B-00C04F79EFBC}") = "Mediator", "Mediator\Mediator.csproj", "{17A1FEEB-D702-4612-8030-AB1CE8306D8A}"
EndProject
Global
	GlobalSection(SolutionConfigurationPlatforms) = preSolution
		Debug|Any CPU = Debug|Any CPU
		Release|Any CPU = Release|Any CPU
	EndGlobalSection
	GlobalSection(ProjectConfigurationPlatforms) = postSolution
		{5E4CB66B-345C-4553-8491-D6942C8B8401}.Debug|Any CPU.ActiveCfg = Debug|Any CPU
		{5E4CB66B-345C-4553-8491-D6942C8B8401}.Debug|Any CPU.Build.0 = Debug|Any CPU
		{5E4CB66B-345C-4553-8491-D6942C8B8401}.Release|Any CPU.ActiveCfg = Release|Any CPU
		{5E4CB66B-345C-4553-8491-D6942C8B8401}.Release|Any CPU.Build.0 = Release|Any CPU
		{17A1FEEB-D702-4612-8030-AB1CE8306D8A}.Debug|Any CPU.ActiveCfg = Debug|Any CPU
		{17A1FEEB-D702-4612-8030-AB1CE8306D8A}.Debug|Any CPU.Build.0 = Debug|Any CPU
		{17A1FEEB-D702-4612-8030-AB1CE8306D8A}.Release|Any CPU.ActiveCfg = Release|Any CPU
		{17A1FEEB-D702-4612-8030-AB1CE8306D8A}.Release|Any CPU.Build.0 = Release|Any CPU
	EndGlobalSection
EndGlobal
