
Microsoft Visual Studio Solution File, Format Version 12.00
Project("{FAE04EC0-301F-11D3-BF4B-00C04F79EFBC}") = "Mediator", "src\Mediator\Mediator.csproj", "{1938C5AB-E72C-4588-B456-C800595CBED1}"
EndProject
Project("{FAE04EC0-301F-11D3-BF4B-00C04F79EFBC}") = "Samples", "src\Samples\Samples.csproj", "{FE8C7E80-1436-4CAB-8925-75D4E3403BC3}"
EndProject
Project("{FAE04EC0-301F-11D3-BF4B-00C04F79EFBC}") = "Mediator.Redis", "Mediator.Redis\Mediator.Redis.csproj", "{6BD8B275-BCF9-4F9C-84D3-1138BCDE0644}"
EndProject
Project("{FAE04EC0-301F-11D3-BF4B-00C04F79EFBC}") = "Mediator.RabbitMq", "Mediator.RabbitMq\Mediator.RabbitMq.csproj", "{87DA1780-6FA0-4A2B-A422-FACC4F7F96F7}"
EndProject
Project("{2150E333-8FDC-42A3-9474-1A3956D46DE8}") = "src", "src", "{3BF10B91-AC1F-48BC-A653-BAD416D824BE}"
EndProject
Global
	GlobalSection(SolutionConfigurationPlatforms) = preSolution
		Debug|Any CPU = Debug|Any CPU
		Release|Any CPU = Release|Any CPU
	EndGlobalSection
	GlobalSection(ProjectConfigurationPlatforms) = postSolution
		{1938C5AB-E72C-4588-B456-C800595CBED1}.Debug|Any CPU.ActiveCfg = Debug|Any CPU
		{1938C5AB-E72C-4588-B456-C800595CBED1}.Debug|Any CPU.Build.0 = Debug|Any CPU
		{1938C5AB-E72C-4588-B456-C800595CBED1}.Release|Any CPU.ActiveCfg = Release|Any CPU
		{1938C5AB-E72C-4588-B456-C800595CBED1}.Release|Any CPU.Build.0 = Release|Any CPU
		{FE8C7E80-1436-4CAB-8925-75D4E3403BC3}.Debug|Any CPU.ActiveCfg = Debug|Any CPU
		{FE8C7E80-1436-4CAB-8925-75D4E3403BC3}.Debug|Any CPU.Build.0 = Debug|Any CPU
		{FE8C7E80-1436-4CAB-8925-75D4E3403BC3}.Release|Any CPU.ActiveCfg = Release|Any CPU
		{FE8C7E80-1436-4CAB-8925-75D4E3403BC3}.Release|Any CPU.Build.0 = Release|Any CPU
		{6BD8B275-BCF9-4F9C-84D3-1138BCDE0644}.Debug|Any CPU.ActiveCfg = Debug|Any CPU
		{6BD8B275-BCF9-4F9C-84D3-1138BCDE0644}.Debug|Any CPU.Build.0 = Debug|Any CPU
		{6BD8B275-BCF9-4F9C-84D3-1138BCDE0644}.Release|Any CPU.ActiveCfg = Release|Any CPU
		{6BD8B275-BCF9-4F9C-84D3-1138BCDE0644}.Release|Any CPU.Build.0 = Release|Any CPU
		{87DA1780-6FA0-4A2B-A422-FACC4F7F96F7}.Debug|Any CPU.ActiveCfg = Debug|Any CPU
		{87DA1780-6FA0-4A2B-A422-FACC4F7F96F7}.Debug|Any CPU.Build.0 = Debug|Any CPU
		{87DA1780-6FA0-4A2B-A422-FACC4F7F96F7}.Release|Any CPU.ActiveCfg = Release|Any CPU
		{87DA1780-6FA0-4A2B-A422-FACC4F7F96F7}.Release|Any CPU.Build.0 = Release|Any CPU
	EndGlobalSection
	GlobalSection(NestedProjects) = preSolution
		{1938C5AB-E72C-4588-B456-C800595CBED1} = {3BF10B91-AC1F-48BC-A653-BAD416D824BE}
		{87DA1780-6FA0-4A2B-A422-FACC4F7F96F7} = {3BF10B91-AC1F-48BC-A653-BAD416D824BE}
		{6BD8B275-BCF9-4F9C-84D3-1138BCDE0644} = {3BF10B91-AC1F-48BC-A653-BAD416D824BE}
		{FE8C7E80-1436-4CAB-8925-75D4E3403BC3} = {3BF10B91-AC1F-48BC-A653-BAD416D824BE}
	EndGlobalSection
EndGlobal
