
Microsoft Visual Studio Solution File, Format Version 12.00
Project("{FAE04EC0-301F-11D3-BF4B-00C04F79EFBC}") = "Mediator", "src\Mediator\Mediator.csproj", "{1938C5AB-E72C-4588-B456-C800595CBED1}"
EndProject
Project("{FAE04EC0-301F-11D3-BF4B-00C04F79EFBC}") = "Samples", "src\Samples\Samples.csproj", "{FE8C7E80-1436-4CAB-8925-75D4E3403BC3}"
EndProject
Project("{2150E333-8FDC-42A3-9474-1A3956D46DE8}") = "src", "src", "{3BF10B91-AC1F-48BC-A653-BAD416D824BE}"
EndProject
Project("{FAE04EC0-301F-11D3-BF4B-00C04F79EFBC}") = "Mediator.Redis", "src\Mediator.Redis\Mediator.Redis.csproj", "{9DCDA65A-E586-41D9-9BF8-2E3FE7186059}"
EndProject
Project("{FAE04EC0-301F-11D3-BF4B-00C04F79EFBC}") = "Mediator.RabbitMq", "src\Mediator.RabbitMq\Mediator.RabbitMq.csproj", "{A995B907-AADF-47BD-9DCA-E9F025C58466}"
EndProject
Project("{2150E333-8FDC-42A3-9474-1A3956D46DE8}") = "tests", "tests", "{D826687F-F456-4D9B-8627-1B241CAC5504}"
EndProject
Project("{FAE04EC0-301F-11D3-BF4B-00C04F79EFBC}") = "Mediator.Tests", "Mediator.Tests\Mediator.Tests.csproj", "{12764087-4CF6-4A68-BA39-E43BE0D5E2E2}"
EndProject
Project("{FAE04EC0-301F-11D3-BF4B-00C04F79EFBC}") = "Mediator.RabbitMq.Tests", "Mediator.RabbitMq.Tests\Mediator.RabbitMq.Tests.csproj", "{8597A490-BF28-4723-A3F7-D61A73E8B153}"
EndProject
Project("{FAE04EC0-301F-11D3-BF4B-00C04F79EFBC}") = "Mediator.Redis.Tests", "Mediator.Redis.Tests\Mediator.Redis.Tests.csproj", "{1F0FA97A-F1F3-431A-92FC-931FE79EF1BE}"
EndProject
Global
	GlobalSection(SolutionConfigurationPlatforms) = preSolution
		Debug|Any CPU = Debug|Any CPU
		Release|Any CPU = Release|Any CPU
	EndGlobalSection
	GlobalSection(ProjectConfigurationPlatforms) = postSolution
		{1938C5AB-E72C-4588-B456-C800595CBED1}.Debug|Any CPU.ActiveCfg = Debug|Any CPU
		{1938C5AB-E72C-4588-B456-C800595CBED1}.Debug|Any CPU.Build.0 = Debug|Any CPU
		{1938C5AB-E72C-4588-B456-C800595CBED1}.Release|Any CPU.ActiveCfg = Release|Any CPU
		{1938C5AB-E72C-4588-B456-C800595CBED1}.Release|Any CPU.Build.0 = Release|Any CPU
		{FE8C7E80-1436-4CAB-8925-75D4E3403BC3}.Debug|Any CPU.ActiveCfg = Debug|Any CPU
		{FE8C7E80-1436-4CAB-8925-75D4E3403BC3}.Debug|Any CPU.Build.0 = Debug|Any CPU
		{FE8C7E80-1436-4CAB-8925-75D4E3403BC3}.Release|Any CPU.ActiveCfg = Release|Any CPU
		{FE8C7E80-1436-4CAB-8925-75D4E3403BC3}.Release|Any CPU.Build.0 = Release|Any CPU
		{9DCDA65A-E586-41D9-9BF8-2E3FE7186059}.Debug|Any CPU.ActiveCfg = Debug|Any CPU
		{9DCDA65A-E586-41D9-9BF8-2E3FE7186059}.Debug|Any CPU.Build.0 = Debug|Any CPU
		{9DCDA65A-E586-41D9-9BF8-2E3FE7186059}.Release|Any CPU.ActiveCfg = Release|Any CPU
		{9DCDA65A-E586-41D9-9BF8-2E3FE7186059}.Release|Any CPU.Build.0 = Release|Any CPU
		{A995B907-AADF-47BD-9DCA-E9F025C58466}.Debug|Any CPU.ActiveCfg = Debug|Any CPU
		{A995B907-AADF-47BD-9DCA-E9F025C58466}.Debug|Any CPU.Build.0 = Debug|Any CPU
		{A995B907-AADF-47BD-9DCA-E9F025C58466}.Release|Any CPU.ActiveCfg = Release|Any CPU
		{A995B907-AADF-47BD-9DCA-E9F025C58466}.Release|Any CPU.Build.0 = Release|Any CPU
		{12764087-4CF6-4A68-BA39-E43BE0D5E2E2}.Debug|Any CPU.ActiveCfg = Debug|Any CPU
		{12764087-4CF6-4A68-BA39-E43BE0D5E2E2}.Debug|Any CPU.Build.0 = Debug|Any CPU
		{12764087-4CF6-4A68-BA39-E43BE0D5E2E2}.Release|Any CPU.ActiveCfg = Release|Any CPU
		{12764087-4CF6-4A68-BA39-E43BE0D5E2E2}.Release|Any CPU.Build.0 = Release|Any CPU
		{8597A490-BF28-4723-A3F7-D61A73E8B153}.Debug|Any CPU.ActiveCfg = Debug|Any CPU
		{8597A490-BF28-4723-A3F7-D61A73E8B153}.Debug|Any CPU.Build.0 = Debug|Any CPU
		{8597A490-BF28-4723-A3F7-D61A73E8B153}.Release|Any CPU.ActiveCfg = Release|Any CPU
		{8597A490-BF28-4723-A3F7-D61A73E8B153}.Release|Any CPU.Build.0 = Release|Any CPU
		{1F0FA97A-F1F3-431A-92FC-931FE79EF1BE}.Debug|Any CPU.ActiveCfg = Debug|Any CPU
		{1F0FA97A-F1F3-431A-92FC-931FE79EF1BE}.Debug|Any CPU.Build.0 = Debug|Any CPU
		{1F0FA97A-F1F3-431A-92FC-931FE79EF1BE}.Release|Any CPU.ActiveCfg = Release|Any CPU
		{1F0FA97A-F1F3-431A-92FC-931FE79EF1BE}.Release|Any CPU.Build.0 = Release|Any CPU
	EndGlobalSection
	GlobalSection(NestedProjects) = preSolution
		{1938C5AB-E72C-4588-B456-C800595CBED1} = {3BF10B91-AC1F-48BC-A653-BAD416D824BE}
		{FE8C7E80-1436-4CAB-8925-75D4E3403BC3} = {3BF10B91-AC1F-48BC-A653-BAD416D824BE}
		{9DCDA65A-E586-41D9-9BF8-2E3FE7186059} = {3BF10B91-AC1F-48BC-A653-BAD416D824BE}
		{A995B907-AADF-47BD-9DCA-E9F025C58466} = {3BF10B91-AC1F-48BC-A653-BAD416D824BE}
		{12764087-4CF6-4A68-BA39-E43BE0D5E2E2} = {D826687F-F456-4D9B-8627-1B241CAC5504}
		{8597A490-BF28-4723-A3F7-D61A73E8B153} = {D826687F-F456-4D9B-8627-1B241CAC5504}
		{1F0FA97A-F1F3-431A-92FC-931FE79EF1BE} = {D826687F-F456-4D9B-8627-1B241CAC5504}
	EndGlobalSection
EndGlobal
