
Microsoft Visual Studio Solution File, Format Version 12.00
Project("{FAE04EC0-301F-11D3-BF4B-00C04F79EFBC}") = "Mediator", "src\Mediator\Mediator.csproj", "{1938C5AB-E72C-4588-B456-C800595CBED1}"
EndProject
Project("{FAE04EC0-301F-11D3-BF4B-00C04F79EFBC}") = "Samples", "src\Samples\Samples.csproj", "{FE8C7E80-1436-4CAB-8925-75D4E3403BC3}"
EndProject
Global
	GlobalSection(SolutionConfigurationPlatforms) = preSolution
		Debug|Any CPU = Debug|Any CPU
		Release|Any CPU = Release|Any CPU
	EndGlobalSection
	GlobalSection(ProjectConfigurationPlatforms) = postSolution
		{1938C5AB-E72C-4588-B456-C800595CBED1}.Debug|Any CPU.ActiveCfg = Debug|Any CPU
		{1938C5AB-E72C-4588-B456-C800595CBED1}.Debug|Any CPU.Build.0 = Debug|Any CPU
		{1938C5AB-E72C-4588-B456-C800595CBED1}.Release|Any CPU.ActiveCfg = Release|Any CPU
		{1938C5AB-E72C-4588-B456-C800595CBED1}.Release|Any CPU.Build.0 = Release|Any CPU
		{FE8C7E80-1436-4CAB-8925-75D4E3403BC3}.Debug|Any CPU.ActiveCfg = Debug|Any CPU
		{FE8C7E80-1436-4CAB-8925-75D4E3403BC3}.Debug|Any CPU.Build.0 = Debug|Any CPU
		{FE8C7E80-1436-4CAB-8925-75D4E3403BC3}.Release|Any CPU.ActiveCfg = Release|Any CPU
		{FE8C7E80-1436-4CAB-8925-75D4E3403BC3}.Release|Any CPU.Build.0 = Release|Any CPU
	EndGlobalSection
EndGlobal
